
Microsoft Visual Studio Solution File, Format Version 12.00
Project("{FAE04EC0-301F-11D3-BF4B-00C04F79EFBC}") = "aspnet-5-basics", "aspnet-5-basics\aspnet-5-basics.csproj", "{861914E6-D2F9-4BBA-893A-9362402FA5A8}"
EndProject
Global
	GlobalSection(SolutionConfigurationPlatforms) = preSolution
		Debug|Any CPU = Debug|Any CPU
		Release|Any CPU = Release|Any CPU
	EndGlobalSection
	GlobalSection(ProjectConfigurationPlatforms) = postSolution
		{861914E6-D2F9-4BBA-893A-9362402FA5A8}.Debug|Any CPU.ActiveCfg = Debug|Any CPU
		{861914E6-D2F9-4BBA-893A-9362402FA5A8}.Debug|Any CPU.Build.0 = Debug|Any CPU
		{861914E6-D2F9-4BBA-893A-9362402FA5A8}.Release|Any CPU.ActiveCfg = Release|Any CPU
		{861914E6-D2F9-4BBA-893A-9362402FA5A8}.Release|Any CPU.Build.0 = Release|Any CPU
	EndGlobalSection
EndGlobal
